lockfileVersion: '9.0'

settings:
  autoInstallPeers: true
  excludeLinksFromLockfile: false

importers:

  .:
    dependencies:
      mysql2:
        specifier: 3.15.3
        version: 3.15.3

packages:

  aws-ssl-profiles@1.1.2:
    resolution: {integrity: sha512-NZKeq9AfyQvEeNlN0zSYAaWrmBffJh3IELMZfRpJVWgrpEbtEpnjvzqBPf+mxoI287JohRDoa+/nsfqqiZmF6g==}
    engines: {node: '>= 6.0.0'}

  denque@2.1.0:
    resolution: {integrity: sha512-HVQE3AAb/pxF8fQAoiqpvg9i3evqug3hoiwakOyZAwJm+6vZehbkYXZ0l4JxS+I3QxM97v5aaRNhj8v5oBhekw==}
    engines: {node: '>=0.10'}

  generate-function@2.3.1:
    resolution: {integrity: sha512-eeB5GfMNeevm/GRYq20ShmsaGcmI81kIX2K9XQx5miC8KdHaC6Jm0qQ8ZNeGOi7wYB8OsdxKs+Y2oVuTFuVwKQ==}

  iconv-lite@0.7.3:
    resolution: {integrity: sha512-IKXpvIzjnC9XTAUbVBcMfGS0EPaIXtW6v+zr+RRp+hqULEpo0owZax6wyRwPOJbWbzjYspQwusTsfVr0ifh4uQ==}
    engines: {node: '>=0.10.0'}

  is-property@1.0.2:
    resolution: {integrity: sha512-Ks/IoX00TtClbGQr4TWXemAnktAQvYB7HzcCxDGqEZU6oCmb2INHuOoKxbtR+HFkmYWBKv/dOZtGRiAjDhj92g==}

  long@5.3.2:
    resolution: {integrity: sha512-mNAgZ1GmyNhD7AuqnTG3/VQ26o760+ZYBPKjPvugO8+nLbYfX6TVpJPseBvopbdY+qpZ/lKUnmEc1LeZYS3QAA==}

  lru.min@1.1.5:
    resolution: {integrity: sha512-5J9ysMYUpYIg9RF2vJpy9SinEmSviFSe0GyPpCQ4L5QSkLAgeLXlTAOu2ZwWUU5m+0SBl6gUU1R1ZQB3aKypfA==}
    engines: {bun: '>=1.0.0', deno: '>=1.30.0', node: '>=8.0.0'}

  mysql2@3.15.3:
    resolution: {integrity: sha512-FBrGau0IXmuqg4haEZRBfHNWB5mUARw6hNwPDXXGg0XzVJ50mr/9hb267lvpVMnhZ1FON3qNd4Xfcez1rbFwSg==}
    engines: {node: '>= 8.0'}

  named-placeholders@1.1.6:
    resolution: {integrity: sha512-Tz09sEL2EEuv5fFowm419c1+a/jSMiBjI9gHxVLrVdbUkkNUUfjsVYs9pVZu5oCon/kmRh9TfLEObFtkVxmY0w==}
    engines: {node: '>=8.0.0'}

  safer-buffer@2.1.2:
    resolution: {integrity: sha512-YZo3K82SD7Riyi0E1EQPojLz7kpepnSQI9IyPbHHg1XXXevb5dJI7tpyN2ADxGcQbHG7vcyRHk0cbwqcQriUtg==}

  seq-queue@0.0.5:
    resolution: {integrity: sha512-hr3Wtp/GZIc/6DAGPDcV4/9WoZhjrkXsi5B/07QgX8tsdc6ilr7BFM6PM6rbdAX1kFSDYeZGLipIZZKyQP0O5Q==}

  sqlstring@2.3.3:
    resolution: {integrity: sha512-qC9iz2FlN7DQl3+wjwn3802RTyjCx7sDvfQEXchwa6CWOx07/WVfh91gBmQ9fahw8snwGEWU3xGzOt4tFyHLxg==}
    engines: {node: '>= 0.6'}

snapshots:

  aws-ssl-profiles@1.1.2: {}

  denque@2.1.0: {}

  generate-function@2.3.1:
    dependencies:
      is-property: 1.0.2

  iconv-lite@0.7.3:
    dependencies:
      safer-buffer: 2.1.2

  is-property@1.0.2: {}

  long@5.3.2: {}

  lru.min@1.1.5: {}

  mysql2@3.15.3:
    dependencies:
      aws-ssl-profiles: 1.1.2
      denque: 2.1.0
      generate-function: 2.3.1
      iconv-lite: 0.7.3
      long: 5.3.2
      lru.min: 1.1.5
      named-placeholders: 1.1.6
      seq-queue: 0.0.5
      sqlstring: 2.3.3

  named-placeholders@1.1.6:
    dependencies:
      lru.min: 1.1.5

  safer-buffer@2.1.2: {}

  seq-queue@0.0.5: {}

  sqlstring@2.3.3: {}
